
Microsoft Visual Studio Solution File, Format Version 12.00
# Visual Studio Version 17
VisualStudioVersion = 17.2.32526.322
MinimumVisualStudioVersion = 10.0.40219.1
Project("{9A19103F-16F7-4668-BE54-9A1E7A4F7556}") = "DZDFreeTim.Web.Mvc", "DZDFreeTim.Web.Mvc\DZDFreeTim.Web.Mvc.csproj", "{803C87D1-03B0-45FC-8014-E87099ACA3F7}"
	ProjectSection(ProjectDependencies) = postProject
		{2A39C150-981F-4F8F-8378-6C2A7CBA0836} = {2A39C150-981F-4F8F-8378-6C2A7CBA0836}
		{C894CA2C-8A30-4424-8323-D6A460FF107B} = {C894CA2C-8A30-4424-8323-D6A460FF107B}
	EndProjectSection
EndProject
Project("{9A19103F-16F7-4668-BE54-9A1E7A4F7556}") = "DZDFreeTim.Data", "DZDFreeTim.Data\DZDFreeTim.Data.csproj", "{2A39C150-981F-4F8F-8378-6C2A7CBA0836}"
EndProject
Project("{9A19103F-16F7-4668-BE54-9A1E7A4F7556}") = "DZDFreeTim.Web.Api", "DZDFreeTim.Web.Api\DZDFreeTim.Web.Api.csproj", "{838023D0-B174-4343-B631-414E8155E04B}"
EndProject
Project("{9A19103F-16F7-4668-BE54-9A1E7A4F7556}") = "DZDFreeTim.Business", "DZDFreeTim.Business\DZDFreeTim.Business.csproj", "{C894CA2C-8A30-4424-8323-D6A460FF107B}"
EndProject
Global
	GlobalSection(SolutionConfigurationPlatforms) = preSolution
		Debug|Any CPU = Debug|Any CPU
		Release|Any CPU = Release|Any CPU
	EndGlobalSection
	GlobalSection(ProjectConfigurationPlatforms) = postSolution
		{803C87D1-03B0-45FC-8014-E87099ACA3F7}.Debug|Any CPU.ActiveCfg = Debug|Any CPU
		{803C87D1-03B0-45FC-8014-E87099ACA3F7}.Debug|Any CPU.Build.0 = Debug|Any CPU
		{803C87D1-03B0-45FC-8014-E87099ACA3F7}.Release|Any CPU.ActiveCfg = Release|Any CPU
		{803C87D1-03B0-45FC-8014-E87099ACA3F7}.Release|Any CPU.Build.0 = Release|Any CPU
		{2A39C150-981F-4F8F-8378-6C2A7CBA0836}.Debug|Any CPU.ActiveCfg = Debug|Any CPU
		{2A39C150-981F-4F8F-8378-6C2A7CBA0836}.Debug|Any CPU.Build.0 = Debug|Any CPU
		{2A39C150-981F-4F8F-8378-6C2A7CBA0836}.Release|Any CPU.ActiveCfg = Release|Any CPU
		{2A39C150-981F-4F8F-8378-6C2A7CBA0836}.Release|Any CPU.Build.0 = Release|Any CPU
		{838023D0-B174-4343-B631-414E8155E04B}.Debug|Any CPU.ActiveCfg = Debug|Any CPU
		{838023D0-B174-4343-B631-414E8155E04B}.Debug|Any CPU.Build.0 = Debug|Any CPU
		{838023D0-B174-4343-B631-414E8155E04B}.Release|Any CPU.ActiveCfg = Release|Any CPU
		{838023D0-B174-4343-B631-414E8155E04B}.Release|Any CPU.Build.0 = Release|Any CPU
		{C894CA2C-8A30-4424-8323-D6A460FF107B}.Debug|Any CPU.ActiveCfg = Debug|Any CPU
		{C894CA2C-8A30-4424-8323-D6A460FF107B}.Debug|Any CPU.Build.0 = Debug|Any CPU
		{C894CA2C-8A30-4424-8323-D6A460FF107B}.Release|Any CPU.ActiveCfg = Release|Any CPU
		{C894CA2C-8A30-4424-8323-D6A460FF107B}.Release|Any CPU.Build.0 = Release|Any CPU
	EndGlobalSection
	GlobalSection(SolutionProperties) = preSolution
		HideSolutionNode = FALSE
	EndGlobalSection
	GlobalSection(ExtensibilityGlobals) = postSolution
		SolutionGuid = {0AB40B0C-0292-4CC4-B9D3-39E8991EC182}
	EndGlobalSection
EndGlobal
